version = 1
revision = 3
requires-python = ">=3.10"

[[package]]
name = "asgiref"
version = "3.11.0"
source = { registry = "https://pypi.tuna.tsinghua.edu.cn/simple/" }
dependencies = [
    { name = "typing-extensions", marker = "python_full_version < '3.11'" },
]
sdist = { url = "https://pypi.tuna.tsinghua.edu.cn/packages/76/b9/4db2509eabd14b4a8c71d1b24c8d5734c52b8560a7b1e1a8b56c8d25568b/asgiref-3.11.0.tar.gz", hash = "sha256:13acff32519542a1736223fb79a715acdebe24286d98e8b164a73085f40da2c4", size = 37969, upload-time = "2025-11-19T15:32:20.106Z" }
wheels = [
    { url = "https://pypi.tuna.tsinghua.edu.cn/packages/91/be/317c2c55b8bbec407257d45f5c8d1b6867abc76d12043f2d3d58c538a4ea/asgiref-3.11.0-py3-none-any.whl", hash = "sha256:1db9021efadb0d9512ce8ffaf72fcef601c7b73a8807a1bb2ef143dc6b14846d", size = 24096, upload-time = "2025-11-19T15:32:19.004Z" },
]

[[package]]
name = "course-game-backend"
version = "0.2.0"
source = { virtual = "." }
dependencies = [
    { name = "django" },
    { name = "django-cors-headers" },
    { name = "django-simpleui" },
    { name = "mysqlclient" },
]

[package.metadata]
requires-dist = [
    { name = "django", specifier = "==4.0.4" },
    { name = "django-cors-headers", specifier = "==3.12.0" },
    { name = "django-simpleui", specifier = "==2023.3.1" },
    { name = "mysqlclient", specifier = "==2.1.1" },
]

[[package]]
name = "django"
version = "4.0.4"
source = { registry = "https://pypi.tuna.tsinghua.edu.cn/simple/" }
dependencies = [
    { name = "asgiref" },
    { name = "sqlparse" },
    { name = "tzdata", marker = "sys_platform == 'win32'" },
]
sdist = { url = "https://pypi.tuna.tsinghua.edu.cn/packages/d2/95/93d1f75da95624bf89e373d079fa72debf77f9b10acc31998cc52a5ff3f9/Django-4.0.4.tar.gz", hash = "sha256:4e8177858524417563cc0430f29ea249946d831eacb0068a1455686587df40b5", size = 10388499, upload-time = "2022-04-11T07:53:16.406Z" }
wheels = [
    { url = "https://pypi.tuna.tsinghua.edu.cn/packages/66/90/bce00eb942fbc47b0774ac78910ee4e6f719572aad56dc238823e5d0ee54/Django-4.0.4-py3-none-any.whl", hash = "sha256:07c8638e7a7f548dc0acaaa7825d84b7bd42b10e8d22268b3d572946f1e9b687", size = 8041700, upload-time = "2022-04-11T07:53:01.287Z" },
]

[[package]]
name = "django-cors-headers"
version = "3.12.0"
source = { registry = "https://pypi.tuna.tsinghua.edu.cn/simple/" }
dependencies = [
    { name = "django" },
]
sdist = { url = "https://pypi.tuna.tsinghua.edu.cn/packages/47/74/caf53c055625f24017340224820c340fa470c290293afc9d140cefe2d4f3/django-cors-headers-3.12.0.tar.gz", hash = "sha256:5f07e2ff8a95c887698e748588a4a0b2ad0ad1b5a292e2d33132f1253e2a97cb", size = 21054, upload-time = "2022-05-10T12:24:07.203Z" }
wheels = [
    { url = "https://pypi.tuna.tsinghua.edu.cn/packages/bf/7d/97c4e9b8f234bf11903754982bbf1d4c79b341a910d5264f8428a2114f96/django_cors_headers-3.12.0-py3-none-any.whl", hash = "sha256:39d1d5acb872c1860ecfd88b8572bfbb3a1f201b5685ede951d71fc57c7dfae5", size = 13122, upload-time = "2022-05-10T12:24:05.498Z" },
]

[[package]]
name = "django-simpleui"
version = "2023.3.1"
source = { registry = "https://pypi.tuna.tsinghua.edu.cn/simple/" }
dependencies = [
    { name = "django" },
]
sdist = { url = "https://pypi.tuna.tsinghua.edu.cn/packages/09/82/13dce8fa967ed9bb6203e2e905713204dc3436cbc5587f2122f6c6963055/django-simpleui-2023.3.1.tar.gz", hash = "sha256:510a3049e0d1f44b127d2d3d61050245894de939b1dedfabaf2fa92cd8b2c3a2", size = 6367318, upload-time = "2023-02-15T13:38:19.095Z" }

[[package]]
name = "mysqlclient"
version = "2.1.1"
source = { registry = "https://pypi.tuna.tsinghua.edu.cn/simple/" }
sdist = { url = "https://pypi.tuna.tsinghua.edu.cn/packages/50/5f/eac919b88b9df39bbe4a855f136d58f80d191cfea34a3dcf96bf5d8ace0a/mysqlclient-2.1.1.tar.gz", hash = "sha256:828757e419fb11dd6c5ed2576ec92c3efaa93a0f7c39e263586d1ee779c3d782", size = 88138, upload-time = "2022-06-22T08:12:44.246Z" }
wheels = [
    { url = "https://pypi.tuna.tsinghua.edu.cn/packages/9c/4b/ea487008d89731bcb80df55be2ed89c18dce927fd033ec4353d408d789ef/mysqlclient-2.1.1-cp310-cp310-win_amd64.whl", hash = "sha256:c1ed71bd6244993b526113cca3df66428609f90e4652f37eb51c33496d478b37", size = 178444, upload-time = "2022-06-22T08:12:35.112Z" },
    { url = "https://pypi.tuna.tsinghua.edu.cn/packages/61/a5/92b4df8cf63b192a0eaf93a17b81639bbdc6e0a50ac330aabc771ca0444f/mysqlclient-2.1.1-cp311-cp311-win_amd64.whl", hash = "sha256:c812b67e90082a840efb82a8978369e6e69fc62ce1bda4ca8f3084a9d862308b", size = 178441, upload-time = "2022-06-22T08:12:36.62Z" },
]

[[package]]
name = "sqlparse"
version = "0.5.5"
source = { registry = "https://pypi.tuna.tsinghua.edu.cn/simple/" }
sdist = { url = "https://pypi.tuna.tsinghua.edu.cn/packages/90/76/437d71068094df0726366574cf3432a4ed754217b436eb7429415cf2d480/sqlparse-0.5.5.tar.gz", hash = "sha256:e20d4a9b0b8585fdf63b10d30066c7c94c5d7a7ec47c889a2d83a3caa93ff28e", size = 120815, upload-time = "2025-12-19T07:17:45.073Z" }
wheels = [
    { url = "https://pypi.tuna.tsinghua.edu.cn/packages/49/4b/359f28a903c13438ef59ebeee215fb25da53066db67b305c125f1c6d2a25/sqlparse-0.5.5-py3-none-any.whl", hash = "sha256:12a08b3bf3eec877c519589833aed092e2444e68240a3577e8e26148acc7b1ba", size = 46138, upload-time = "2025-12-19T07:17:46.573Z" },
]

[[package]]
name = "typing-extensions"
version = "4.15.0"
source = { registry = "https://pypi.tuna.tsinghua.edu.cn/simple/" }
sdist = { url = "https://pypi.tuna.tsinghua.edu.cn/packages/72/94/1a15dd82efb362ac84269196e94cf00f187f7ed21c242792a923cdb1c61f/typing_extensions-4.15.0.tar.gz", hash = "sha256:0cea48d173cc12fa28ecabc3b837ea3cf6f38c6d1136f85cbaaf598984861466", size = 109391, upload-time = "2025-08-25T13:49:26.313Z" }
wheels = [
    { url = "https://pypi.tuna.tsinghua.edu.cn/packages/18/67/36e9267722cc04a6b9f15c7f3441c2363321a3ea07da7ae0c0707beb2a9c/typing_extensions-4.15.0-py3-none-any.whl", hash = "sha256:f0fa19c6845758ab08074a0cfa8b7aecb71c999ca73d62883bc25cc018c4e548", size = 44614, upload-time = "2025-08-25T13:49:24.86Z" },
]

[[package]]
name = "tzdata"
version = "2025.3"
source = { registry = "https://pypi.tuna.tsinghua.edu.cn/simple/" }
sdist = { url = "https://pypi.tuna.tsinghua.edu.cn/packages/5e/a7/c202b344c5ca7daf398f3b8a477eeb205cf3b6f32e7ec3a6bac0629ca975/tzdata-2025.3.tar.gz", hash = "sha256:de39c2ca5dc7b0344f2eba86f49d614019d29f060fc4ebc8a417896a620b56a7", size = 196772, upload-time = "2025-12-13T17:45:35.667Z" }
wheels = [
    { url = "https://pypi.tuna.tsinghua.edu.cn/packages/c7/b0/003792df09decd6849a5e39c28b513c06e84436a54440380862b5aeff25d/tzdata-2025.3-py2.py3-none-any.whl", hash = "sha256:06a47e5700f3081aab02b2e513160914ff0694bce9947d6b76ebd6bf57cfc5d1", size = 348521, upload-time = "2025-12-13T17:45:33.889Z" },
]
